
Microsoft Visual Studio Solution File, Format Version 12.00
# Visual Studio 2012
Project("{FAE04EC0-301F-11D3-BF4B-00C04F79EFBC}") = "VehicleListingSystem", "VehicleListingSystem\VehicleListingSystem.csproj", "{8F9B82A4-66C5-4379-93A5-C854D0EBE8DA}"
EndProject
Project("{FAE04EC0-301F-11D3-BF4B-00C04F79EFBC}") = "DataAccessLayer", "DataAccessLayer\DataAccessLayer.csproj", "{486AB95F-9EB0-4C0F-A769-5582D82DCC7A}"
EndProject
Project("{FAE04EC0-301F-11D3-BF4B-00C04F79EFBC}") = "BusinessLayer", "BusinessLayer\BusinessLayer.csproj", "{507B354B-91F9-487E-901A-B6C5E0F16883}"
EndProject
Project("{FAE04EC0-301F-11D3-BF4B-00C04F79EFBC}") = "Resources", "Resources\Resources.csproj", "{FB2F06A4-A352-44CC-AF14-1F84E488880E}"
EndProject
Global
	GlobalSection(SolutionConfigurationPlatforms) = preSolution
		Debug|Any CPU = Debug|Any CPU
		Release|Any CPU = Release|Any CPU
	EndGlobalSection
	GlobalSection(ProjectConfigurationPlatforms) = postSolution
		{8F9B82A4-66C5-4379-93A5-C854D0EBE8DA}.Debug|Any CPU.ActiveCfg = Debug|Any CPU
		{8F9B82A4-66C5-4379-93A5-C854D0EBE8DA}.Debug|Any CPU.Build.0 = Debug|Any CPU
		{8F9B82A4-66C5-4379-93A5-C854D0EBE8DA}.Release|Any CPU.ActiveCfg = Release|Any CPU
		{8F9B82A4-66C5-4379-93A5-C854D0EBE8DA}.Release|Any CPU.Build.0 = Release|Any CPU
		{486AB95F-9EB0-4C0F-A769-5582D82DCC7A}.Debug|Any CPU.ActiveCfg = Debug|Any CPU
		{486AB95F-9EB0-4C0F-A769-5582D82DCC7A}.Debug|Any CPU.Build.0 = Debug|Any CPU
		{486AB95F-9EB0-4C0F-A769-5582D82DCC7A}.Release|Any CPU.ActiveCfg = Release|Any CPU
		{486AB95F-9EB0-4C0F-A769-5582D82DCC7A}.Release|Any CPU.Build.0 = Release|Any CPU
		{507B354B-91F9-487E-901A-B6C5E0F16883}.Debug|Any CPU.ActiveCfg = Debug|Any CPU
		{507B354B-91F9-487E-901A-B6C5E0F16883}.Debug|Any CPU.Build.0 = Debug|Any CPU
		{507B354B-91F9-487E-901A-B6C5E0F16883}.Release|Any CPU.ActiveCfg = Release|Any CPU
		{507B354B-91F9-487E-901A-B6C5E0F16883}.Release|Any CPU.Build.0 = Release|Any CPU
		{FB2F06A4-A352-44CC-AF14-1F84E488880E}.Debug|Any CPU.ActiveCfg = Debug|Any CPU
		{FB2F06A4-A352-44CC-AF14-1F84E488880E}.Debug|Any CPU.Build.0 = Debug|Any CPU
		{FB2F06A4-A352-44CC-AF14-1F84E488880E}.Release|Any CPU.ActiveCfg = Release|Any CPU
		{FB2F06A4-A352-44CC-AF14-1F84E488880E}.Release|Any CPU.Build.0 = Release|Any CPU
	EndGlobalSection
	GlobalSection(SolutionProperties) = preSolution
		HideSolutionNode = FALSE
	EndGlobalSection
EndGlobal
